
Microsoft Visual Studio Solution File, Format Version 12.00
# Visual Studio Version 16
VisualStudioVersion = 16.0.30225.117
MinimumVisualStudioVersion = 10.0.40219.1
Project("{FAE04EC0-301F-11D3-BF4B-00C04F79EFBC}") = "ExampleAdvancedCircuitBreakerWithPolly", "ExampleAdvancedCircuitBreakerWithPolly.csproj", "{7A3E99AF-BD20-4314-8271-57BF379A74FE}"
EndProject
Global
	GlobalSection(SolutionConfigurationPlatforms) = preSolution
		Debug|Any CPU = Debug|Any CPU
		Release|Any CPU = Release|Any CPU
	EndGlobalSection
	GlobalSection(ProjectConfigurationPlatforms) = postSolution
		{7A3E99AF-BD20-4314-8271-57BF379A74FE}.Debug|Any CPU.ActiveCfg = Debug|Any CPU
		{7A3E99AF-BD20-4314-8271-57BF379A74FE}.Debug|Any CPU.Build.0 = Debug|Any CPU
		{7A3E99AF-BD20-4314-8271-57BF379A74FE}.Release|Any CPU.ActiveCfg = Release|Any CPU
		{7A3E99AF-BD20-4314-8271-57BF379A74FE}.Release|Any CPU.Build.0 = Release|Any CPU
	EndGlobalSection
	GlobalSection(SolutionProperties) = preSolution
		HideSolutionNode = FALSE
	EndGlobalSection
	GlobalSection(ExtensibilityGlobals) = postSolution
		SolutionGuid = {FFC48E17-8A83-46FF-B373-3C8E3B7302B3}
	EndGlobalSection
EndGlobal
